
Microsoft Visual Studio Solution File, Format Version 12.00
# Visual Studio Version 17
VisualStudioVersion = 17.0.31903.59
MinimumVisualStudioVersion = 10.0.40219.1
Project("{2150E333-8FDC-42A3-9474-1A3956D46DE8}") = "Source", "Source", "{C9082D1A-3F74-44F6-801A-2D23F769EF16}"
EndProject
Project("{FAE04EC0-301F-11D3-BF4B-00C04F79EFBC}") = "JsonApiFramework.Core", "Source\JsonApiFramework.Core\JsonApiFramework.Core.csproj", "{FB1A1D5E-D12D-48EB-AB88-C3EDC1E8651C}"
EndProject
Project("{FAE04EC0-301F-11D3-BF4B-00C04F79EFBC}") = "JsonApiFramework.Infrastructure", "Source\JsonApiFramework.Infrastructure\JsonApiFramework.Infrastructure.csproj", "{475507CC-AFBA-468F-AC35-A698947E5791}"
EndProject
Project("{FAE04EC0-301F-11D3-BF4B-00C04F79EFBC}") = "JsonApiFramework.Client", "Source\JsonApiFramework.Client\JsonApiFramework.Client.csproj", "{F8E670F8-F896-4A4F-A1F2-53B182F0FAF1}"
EndProject
Project("{FAE04EC0-301F-11D3-BF4B-00C04F79EFBC}") = "JsonApiFramework.Server", "Source\JsonApiFramework.Server\JsonApiFramework.Server.csproj", "{A4EF944A-509E-4BA7-B1F1-FD3B21B7A77C}"
EndProject
Project("{2150E333-8FDC-42A3-9474-1A3956D46DE8}") = "Tests", "Tests", "{90D57CDD-244E-4F09-9BFE-CC6588BF97BB}"
EndProject
Project("{FAE04EC0-301F-11D3-BF4B-00C04F79EFBC}") = "JsonApiFramework.XUnit", "Tests\JsonApiFramework.XUnit\JsonApiFramework.XUnit.csproj", "{7F541C06-9B17-4D22-AEFD-A39FF66F21E2}"
EndProject
Project("{FAE04EC0-301F-11D3-BF4B-00C04F79EFBC}") = "JsonApiFramework.Core.TestAsserts", "Tests\JsonApiFramework.Core.TestAsserts\JsonApiFramework.Core.TestAsserts.csproj", "{73256E72-445A-4898-B1B1-B742FD136A16}"
EndProject
Project("{FAE04EC0-301F-11D3-BF4B-00C04F79EFBC}") = "JsonApiFramework.Core.TestData", "Tests\JsonApiFramework.Core.TestData\JsonApiFramework.Core.TestData.csproj", "{47EF79AE-4F44-4822-99BC-0317F0820F24}"
EndProject
Project("{FAE04EC0-301F-11D3-BF4B-00C04F79EFBC}") = "JsonApiFramework.Core.Tests", "Tests\JsonApiFramework.Core.Tests\JsonApiFramework.Core.Tests.csproj", "{FE6856F1-17F4-4A76-A416-5264E2CCB888}"
EndProject
Project("{FAE04EC0-301F-11D3-BF4B-00C04F79EFBC}") = "JsonApiFramework.Infrastructure.TestAsserts", "Tests\JsonApiFramework.Infrastructure.TestAsserts\JsonApiFramework.Infrastructure.TestAsserts.csproj", "{8EB4C148-170F-42E9-A5AE-967EEDA5171A}"
EndProject
Project("{FAE04EC0-301F-11D3-BF4B-00C04F79EFBC}") = "JsonApiFramework.Infrastructure.Tests", "Tests\JsonApiFramework.Infrastructure.Tests\JsonApiFramework.Infrastructure.Tests.csproj", "{CAD7A1BD-1166-4C5C-A161-8811EDA002EE}"
EndProject
Project("{FAE04EC0-301F-11D3-BF4B-00C04F79EFBC}") = "JsonApiFramework.Client.Tests", "Tests\JsonApiFramework.Client.Tests\JsonApiFramework.Client.Tests.csproj", "{A7B125EC-CB97-4809-BB38-DFD78FCD0699}"
EndProject
Project("{FAE04EC0-301F-11D3-BF4B-00C04F79EFBC}") = "JsonApiFramework.Server.TestAsserts", "Tests\JsonApiFramework.Server.TestAsserts\JsonApiFramework.Server.TestAsserts.csproj", "{A2B150D5-D5DC-47A6-9670-BE5909CC8AFA}"
EndProject
Project("{FAE04EC0-301F-11D3-BF4B-00C04F79EFBC}") = "JsonApiFramework.Server.Tests", "Tests\JsonApiFramework.Server.Tests\JsonApiFramework.Server.Tests.csproj", "{2C8AAD56-C6CB-4CED-BD86-9FD6FA7DC57C}"
EndProject
Project("{FAE04EC0-301F-11D3-BF4B-00C04F79EFBC}") = "JsonApiFramework.Attributes", "Source\JsonApiFramework.Attributes\JsonApiFramework.Attributes.csproj", "{DE48764C-A5DD-4F7B-9039-11C11383A60A}"
EndProject
Global
	GlobalSection(SolutionConfigurationPlatforms) = preSolution
		Debug|Any CPU = Debug|Any CPU
		Release|Any CPU = Release|Any CPU
	EndGlobalSection
	GlobalSection(SolutionProperties) = preSolution
		HideSolutionNode = FALSE
	EndGlobalSection
	GlobalSection(ProjectConfigurationPlatforms) = postSolution
		{FB1A1D5E-D12D-48EB-AB88-C3EDC1E8651C}.Debug|Any CPU.ActiveCfg = Debug|Any CPU
		{FB1A1D5E-D12D-48EB-AB88-C3EDC1E8651C}.Debug|Any CPU.Build.0 = Debug|Any CPU
		{FB1A1D5E-D12D-48EB-AB88-C3EDC1E8651C}.Release|Any CPU.ActiveCfg = Release|Any CPU
		{FB1A1D5E-D12D-48EB-AB88-C3EDC1E8651C}.Release|Any CPU.Build.0 = Release|Any CPU
		{475507CC-AFBA-468F-AC35-A698947E5791}.Debug|Any CPU.ActiveCfg = Debug|Any CPU
		{475507CC-AFBA-468F-AC35-A698947E5791}.Debug|Any CPU.Build.0 = Debug|Any CPU
		{475507CC-AFBA-468F-AC35-A698947E5791}.Release|Any CPU.ActiveCfg = Release|Any CPU
		{475507CC-AFBA-468F-AC35-A698947E5791}.Release|Any CPU.Build.0 = Release|Any CPU
		{A4EF944A-509E-4BA7-B1F1-FD3B21B7A77C}.Debug|Any CPU.ActiveCfg = Debug|Any CPU
		{A4EF944A-509E-4BA7-B1F1-FD3B21B7A77C}.Debug|Any CPU.Build.0 = Debug|Any CPU
		{A4EF944A-509E-4BA7-B1F1-FD3B21B7A77C}.Release|Any CPU.ActiveCfg = Release|Any CPU
		{A4EF944A-509E-4BA7-B1F1-FD3B21B7A77C}.Release|Any CPU.Build.0 = Release|Any CPU
		{FE6856F1-17F4-4A76-A416-5264E2CCB888}.Debug|Any CPU.ActiveCfg = Debug|Any CPU
		{FE6856F1-17F4-4A76-A416-5264E2CCB888}.Debug|Any CPU.Build.0 = Debug|Any CPU
		{FE6856F1-17F4-4A76-A416-5264E2CCB888}.Release|Any CPU.ActiveCfg = Release|Any CPU
		{FE6856F1-17F4-4A76-A416-5264E2CCB888}.Release|Any CPU.Build.0 = Release|Any CPU
		{73256E72-445A-4898-B1B1-B742FD136A16}.Debug|Any CPU.ActiveCfg = Debug|Any CPU
		{73256E72-445A-4898-B1B1-B742FD136A16}.Debug|Any CPU.Build.0 = Debug|Any CPU
		{73256E72-445A-4898-B1B1-B742FD136A16}.Release|Any CPU.ActiveCfg = Release|Any CPU
		{73256E72-445A-4898-B1B1-B742FD136A16}.Release|Any CPU.Build.0 = Release|Any CPU
		{47EF79AE-4F44-4822-99BC-0317F0820F24}.Debug|Any CPU.ActiveCfg = Debug|Any CPU
		{47EF79AE-4F44-4822-99BC-0317F0820F24}.Debug|Any CPU.Build.0 = Debug|Any CPU
		{47EF79AE-4F44-4822-99BC-0317F0820F24}.Release|Any CPU.ActiveCfg = Release|Any CPU
		{47EF79AE-4F44-4822-99BC-0317F0820F24}.Release|Any CPU.Build.0 = Release|Any CPU
		{8EB4C148-170F-42E9-A5AE-967EEDA5171A}.Debug|Any CPU.ActiveCfg = Debug|Any CPU
		{8EB4C148-170F-42E9-A5AE-967EEDA5171A}.Debug|Any CPU.Build.0 = Debug|Any CPU
		{8EB4C148-170F-42E9-A5AE-967EEDA5171A}.Release|Any CPU.ActiveCfg = Release|Any CPU
		{8EB4C148-170F-42E9-A5AE-967EEDA5171A}.Release|Any CPU.Build.0 = Release|Any CPU
		{CAD7A1BD-1166-4C5C-A161-8811EDA002EE}.Debug|Any CPU.ActiveCfg = Debug|Any CPU
		{CAD7A1BD-1166-4C5C-A161-8811EDA002EE}.Debug|Any CPU.Build.0 = Debug|Any CPU
		{CAD7A1BD-1166-4C5C-A161-8811EDA002EE}.Release|Any CPU.ActiveCfg = Release|Any CPU
		{CAD7A1BD-1166-4C5C-A161-8811EDA002EE}.Release|Any CPU.Build.0 = Release|Any CPU
		{7F541C06-9B17-4D22-AEFD-A39FF66F21E2}.Debug|Any CPU.ActiveCfg = Debug|Any CPU
		{7F541C06-9B17-4D22-AEFD-A39FF66F21E2}.Debug|Any CPU.Build.0 = Debug|Any CPU
		{7F541C06-9B17-4D22-AEFD-A39FF66F21E2}.Release|Any CPU.ActiveCfg = Release|Any CPU
		{7F541C06-9B17-4D22-AEFD-A39FF66F21E2}.Release|Any CPU.Build.0 = Release|Any CPU
		{A2B150D5-D5DC-47A6-9670-BE5909CC8AFA}.Debug|Any CPU.ActiveCfg = Debug|Any CPU
		{A2B150D5-D5DC-47A6-9670-BE5909CC8AFA}.Debug|Any CPU.Build.0 = Debug|Any CPU
		{A2B150D5-D5DC-47A6-9670-BE5909CC8AFA}.Release|Any CPU.ActiveCfg = Release|Any CPU
		{A2B150D5-D5DC-47A6-9670-BE5909CC8AFA}.Release|Any CPU.Build.0 = Release|Any CPU
		{2C8AAD56-C6CB-4CED-BD86-9FD6FA7DC57C}.Debug|Any CPU.ActiveCfg = Debug|Any CPU
		{2C8AAD56-C6CB-4CED-BD86-9FD6FA7DC57C}.Debug|Any CPU.Build.0 = Debug|Any CPU
		{2C8AAD56-C6CB-4CED-BD86-9FD6FA7DC57C}.Release|Any CPU.ActiveCfg = Release|Any CPU
		{2C8AAD56-C6CB-4CED-BD86-9FD6FA7DC57C}.Release|Any CPU.Build.0 = Release|Any CPU
		{F8E670F8-F896-4A4F-A1F2-53B182F0FAF1}.Debug|Any CPU.ActiveCfg = Debug|Any CPU
		{F8E670F8-F896-4A4F-A1F2-53B182F0FAF1}.Debug|Any CPU.Build.0 = Debug|Any CPU
		{F8E670F8-F896-4A4F-A1F2-53B182F0FAF1}.Release|Any CPU.ActiveCfg = Release|Any CPU
		{F8E670F8-F896-4A4F-A1F2-53B182F0FAF1}.Release|Any CPU.Build.0 = Release|Any CPU
		{A7B125EC-CB97-4809-BB38-DFD78FCD0699}.Debug|Any CPU.ActiveCfg = Debug|Any CPU
		{A7B125EC-CB97-4809-BB38-DFD78FCD0699}.Debug|Any CPU.Build.0 = Debug|Any CPU
		{A7B125EC-CB97-4809-BB38-DFD78FCD0699}.Release|Any CPU.ActiveCfg = Release|Any CPU
		{A7B125EC-CB97-4809-BB38-DFD78FCD0699}.Release|Any CPU.Build.0 = Release|Any CPU
		{DE48764C-A5DD-4F7B-9039-11C11383A60A}.Debug|Any CPU.ActiveCfg = Debug|Any CPU
		{DE48764C-A5DD-4F7B-9039-11C11383A60A}.Debug|Any CPU.Build.0 = Debug|Any CPU
		{DE48764C-A5DD-4F7B-9039-11C11383A60A}.Release|Any CPU.ActiveCfg = Release|Any CPU
		{DE48764C-A5DD-4F7B-9039-11C11383A60A}.Release|Any CPU.Build.0 = Release|Any CPU
	EndGlobalSection
	GlobalSection(NestedProjects) = preSolution
		{FB1A1D5E-D12D-48EB-AB88-C3EDC1E8651C} = {C9082D1A-3F74-44F6-801A-2D23F769EF16}
		{FE6856F1-17F4-4A76-A416-5264E2CCB888} = {90D57CDD-244E-4F09-9BFE-CC6588BF97BB}
		{A4EF944A-509E-4BA7-B1F1-FD3B21B7A77C} = {C9082D1A-3F74-44F6-801A-2D23F769EF16}
		{475507CC-AFBA-468F-AC35-A698947E5791} = {C9082D1A-3F74-44F6-801A-2D23F769EF16}
		{73256E72-445A-4898-B1B1-B742FD136A16} = {90D57CDD-244E-4F09-9BFE-CC6588BF97BB}
		{47EF79AE-4F44-4822-99BC-0317F0820F24} = {90D57CDD-244E-4F09-9BFE-CC6588BF97BB}
		{8EB4C148-170F-42E9-A5AE-967EEDA5171A} = {90D57CDD-244E-4F09-9BFE-CC6588BF97BB}
		{CAD7A1BD-1166-4C5C-A161-8811EDA002EE} = {90D57CDD-244E-4F09-9BFE-CC6588BF97BB}
		{7F541C06-9B17-4D22-AEFD-A39FF66F21E2} = {90D57CDD-244E-4F09-9BFE-CC6588BF97BB}
		{A2B150D5-D5DC-47A6-9670-BE5909CC8AFA} = {90D57CDD-244E-4F09-9BFE-CC6588BF97BB}
		{2C8AAD56-C6CB-4CED-BD86-9FD6FA7DC57C} = {90D57CDD-244E-4F09-9BFE-CC6588BF97BB}
		{F8E670F8-F896-4A4F-A1F2-53B182F0FAF1} = {C9082D1A-3F74-44F6-801A-2D23F769EF16}
		{A7B125EC-CB97-4809-BB38-DFD78FCD0699} = {90D57CDD-244E-4F09-9BFE-CC6588BF97BB}
		{DE48764C-A5DD-4F7B-9039-11C11383A60A} = {C9082D1A-3F74-44F6-801A-2D23F769EF16}
	EndGlobalSection
EndGlobal
